
Microsoft Visual Studio Solution File, Format Version 12.00
# Visual Studio 15
VisualStudioVersion = 15.0.26124.0
MinimumVisualStudioVersion = 15.0.26124.0
Project("{9A19103F-16F7-4668-BE54-9A1E7A4F7556}") = "WebLinqPadQueryCompiler", "src\Compiler\WebLinqPadQueryCompiler.csproj", "{719EE6A1-9A17-4C43-A213-6C0543056DDE}"
EndProject
Project("{9A19103F-16F7-4668-BE54-9A1E7A4F7556}") = "ExpressionTemplate", "src\ExpressionTemplate\ExpressionTemplate.csproj", "{E6D80F41-0AB4-4FC6-AB1D-98FA36AD8747}"
EndProject
Global
	GlobalSection(SolutionConfigurationPlatforms) = preSolution
		Debug|Any CPU = Debug|Any CPU
		Debug|x64 = Debug|x64
		Debug|x86 = Debug|x86
		Release|Any CPU = Release|Any CPU
		Release|x64 = Release|x64
		Release|x86 = Release|x86
	EndGlobalSection
	GlobalSection(ProjectConfigurationPlatforms) = postSolution
		{719EE6A1-9A17-4C43-A213-6C0543056DDE}.Debug|Any CPU.ActiveCfg = Debug|Any CPU
		{719EE6A1-9A17-4C43-A213-6C0543056DDE}.Debug|Any CPU.Build.0 = Debug|Any CPU
		{719EE6A1-9A17-4C43-A213-6C0543056DDE}.Debug|x64.ActiveCfg = Debug|Any CPU
		{719EE6A1-9A17-4C43-A213-6C0543056DDE}.Debug|x64.Build.0 = Debug|Any CPU
		{719EE6A1-9A17-4C43-A213-6C0543056DDE}.Debug|x86.ActiveCfg = Debug|Any CPU
		{719EE6A1-9A17-4C43-A213-6C0543056DDE}.Debug|x86.Build.0 = Debug|Any CPU
		{719EE6A1-9A17-4C43-A213-6C0543056DDE}.Release|Any CPU.ActiveCfg = Release|Any CPU
		{719EE6A1-9A17-4C43-A213-6C0543056DDE}.Release|Any CPU.Build.0 = Release|Any CPU
		{719EE6A1-9A17-4C43-A213-6C0543056DDE}.Release|x64.ActiveCfg = Release|Any CPU
		{719EE6A1-9A17-4C43-A213-6C0543056DDE}.Release|x64.Build.0 = Release|Any CPU
		{719EE6A1-9A17-4C43-A213-6C0543056DDE}.Release|x86.ActiveCfg = Release|Any CPU
		{719EE6A1-9A17-4C43-A213-6C0543056DDE}.Release|x86.Build.0 = Release|Any CPU
		{E6D80F41-0AB4-4FC6-AB1D-98FA36AD8747}.Debug|Any CPU.ActiveCfg = Debug|Any CPU
		{E6D80F41-0AB4-4FC6-AB1D-98FA36AD8747}.Debug|Any CPU.Build.0 = Debug|Any CPU
		{E6D80F41-0AB4-4FC6-AB1D-98FA36AD8747}.Debug|x64.ActiveCfg = Debug|Any CPU
		{E6D80F41-0AB4-4FC6-AB1D-98FA36AD8747}.Debug|x64.Build.0 = Debug|Any CPU
		{E6D80F41-0AB4-4FC6-AB1D-98FA36AD8747}.Debug|x86.ActiveCfg = Debug|Any CPU
		{E6D80F41-0AB4-4FC6-AB1D-98FA36AD8747}.Debug|x86.Build.0 = Debug|Any CPU
		{E6D80F41-0AB4-4FC6-AB1D-98FA36AD8747}.Release|Any CPU.ActiveCfg = Release|Any CPU
		{E6D80F41-0AB4-4FC6-AB1D-98FA36AD8747}.Release|Any CPU.Build.0 = Release|Any CPU
		{E6D80F41-0AB4-4FC6-AB1D-98FA36AD8747}.Release|x64.ActiveCfg = Release|Any CPU
		{E6D80F41-0AB4-4FC6-AB1D-98FA36AD8747}.Release|x64.Build.0 = Release|Any CPU
		{E6D80F41-0AB4-4FC6-AB1D-98FA36AD8747}.Release|x86.ActiveCfg = Release|Any CPU
		{E6D80F41-0AB4-4FC6-AB1D-98FA36AD8747}.Release|x86.Build.0 = Release|Any CPU
	EndGlobalSection
	GlobalSection(SolutionProperties) = preSolution
		HideSolutionNode = FALSE
	EndGlobalSection
	GlobalSection(ExtensibilityGlobals) = postSolution
		SolutionGuid = {F5CD1356-DDBB-4C68-B9BD-47D9C503EC11}
	EndGlobalSection
EndGlobal
