
Microsoft Visual Studio Solution File, Format Version 12.00
# Visual Studio 15
VisualStudioVersion = 15.0.27428.2015
MinimumVisualStudioVersion = 10.0.40219.1
Project("{2150E333-8FDC-42A3-9474-1A3956D46DE8}") = "Solution Items", "Solution Items", "{6C9AA163-DA0D-4BB7-A988-5AAC0D700936}"
	ProjectSection(SolutionItems) = preProject
		build.cmd = build.cmd
		build.sh = build.sh
		COPYING.txt = COPYING.txt
		global.json = global.json
		pack.cmd = pack.cmd
		pack.sh = pack.sh
		publish.cmd = publish.cmd
		publish.sh = publish.sh
		README.md = README.md
		run.cmd = run.cmd
		run.sh = run.sh
	EndProjectSection
EndProject
Project("{9A19103F-16F7-4668-BE54-9A1E7A4F7556}") = "LinqPadless", "src\LinqPadless.csproj", "{8E83629C-A7A3-498D-B4E0-A93830C8D1B7}"
EndProject
Global
	GlobalSection(SolutionConfigurationPlatforms) = preSolution
		Debug|Any CPU = Debug|Any CPU
		Release|Any CPU = Release|Any CPU
	EndGlobalSection
	GlobalSection(ProjectConfigurationPlatforms) = postSolution
		{8E83629C-A7A3-498D-B4E0-A93830C8D1B7}.Debug|Any CPU.ActiveCfg = Debug|Any CPU
		{8E83629C-A7A3-498D-B4E0-A93830C8D1B7}.Debug|Any CPU.Build.0 = Debug|Any CPU
		{8E83629C-A7A3-498D-B4E0-A93830C8D1B7}.Release|Any CPU.ActiveCfg = Release|Any CPU
		{8E83629C-A7A3-498D-B4E0-A93830C8D1B7}.Release|Any CPU.Build.0 = Release|Any CPU
	EndGlobalSection
	GlobalSection(SolutionProperties) = preSolution
		HideSolutionNode = FALSE
	EndGlobalSection
	GlobalSection(ExtensibilityGlobals) = postSolution
		SolutionGuid = {FBF1DFEC-75FE-4892-93BB-8C9003B5ECC5}
	EndGlobalSection
EndGlobal
